
Microsoft Visual Studio Solution File, Format Version 12.00
# Visual Studio Version 16
VisualStudioVersion = 16.0.29519.87
MinimumVisualStudioVersion = 10.0.40219.1
Project("{FAE04EC0-301F-11D3-BF4B-00C04F79EFBC}") = "183311088", "183311088\183311088.csproj", "{6E6EB824-6380-4385-A177-BE99DCAD8D1F}"
EndProject
Global
	GlobalSection(SolutionConfigurationPlatforms) = preSolution
		Debug|Any CPU = Debug|Any CPU
		Release|Any CPU = Release|Any CPU
	EndGlobalSection
	GlobalSection(ProjectConfigurationPlatforms) = postSolution
		{6E6EB824-6380-4385-A177-BE99DCAD8D1F}.Debug|Any CPU.ActiveCfg = Debug|Any CPU
		{6E6EB824-6380-4385-A177-BE99DCAD8D1F}.Debug|Any CPU.Build.0 = Debug|Any CPU
		{6E6EB824-6380-4385-A177-BE99DCAD8D1F}.Release|Any CPU.ActiveCfg = Release|Any CPU
		{6E6EB824-6380-4385-A177-BE99DCAD8D1F}.Release|Any CPU.Build.0 = Release|Any CPU
	EndGlobalSection
	GlobalSection(SolutionProperties) = preSolution
		HideSolutionNode = FALSE
	EndGlobalSection
	GlobalSection(ExtensibilityGlobals) = postSolution
		SolutionGuid = {F5801F71-8EAA-42F6-85B1-596AC83BF2A8}
	EndGlobalSection
EndGlobal
